
Microsoft Visual Studio Solution File, Format Version 12.00
# Visual Studio Version 17
VisualStudioVersion = 17.8.34330.188
MinimumVisualStudioVersion = 10.0.40219.1
Project("{FAE04EC0-301F-11D3-BF4B-00C04F79EFBC}") = "ASP.NET.Auth", "ASP.NET.Auth\ASP.NET.Auth.csproj", "{89E572EA-BB60-4CFE-95F1-D406FF51330B}"
EndProject
Global
	GlobalSection(SolutionConfigurationPlatforms) = preSolution
		Debug|Any CPU = Debug|Any CPU
		Release|Any CPU = Release|Any CPU
	EndGlobalSection
	GlobalSection(ProjectConfigurationPlatforms) = postSolution
		{89E572EA-BB60-4CFE-95F1-D406FF51330B}.Debug|Any CPU.ActiveCfg = Debug|Any CPU
		{89E572EA-BB60-4CFE-95F1-D406FF51330B}.Debug|Any CPU.Build.0 = Debug|Any CPU
		{89E572EA-BB60-4CFE-95F1-D406FF51330B}.Release|Any CPU.ActiveCfg = Release|Any CPU
		{89E572EA-BB60-4CFE-95F1-D406FF51330B}.Release|Any CPU.Build.0 = Release|Any CPU
	EndGlobalSection
	GlobalSection(SolutionProperties) = preSolution
		HideSolutionNode = FALSE
	EndGlobalSection
	GlobalSection(ExtensibilityGlobals) = postSolution
		SolutionGuid = {BFCF615A-B744-45D2-A340-451D8469F108}
	EndGlobalSection
EndGlobal
